
Microsoft Visual Studio Solution File, Format Version 12.00
# Visual Studio Version 17
VisualStudioVersion = 17.9.34616.47
MinimumVisualStudioVersion = 10.0.40219.1
Project("{9A19103F-16F7-4668-BE54-9A1E7A4F7556}") = "API", "API.csproj", "{7C725358-096D-4DCF-B4AB-BE2F9E131032}"
EndProject
Project("{FAE04EC0-301F-11D3-BF4B-00C04F79EFBC}") = "API-XUnit", "..\API-XUnit\API-XUnit.csproj", "{59454AB2-5FAD-4AC8-B3F6-70B132643F73}"
EndProject
Global
	GlobalSection(SolutionConfigurationPlatforms) = preSolution
		Debug|Any CPU = Debug|Any CPU
		Release|Any CPU = Release|Any CPU
	EndGlobalSection
	GlobalSection(ProjectConfigurationPlatforms) = postSolution
		{7C725358-096D-4DCF-B4AB-BE2F9E131032}.Debug|Any CPU.ActiveCfg = Debug|Any CPU
		{7C725358-096D-4DCF-B4AB-BE2F9E131032}.Debug|Any CPU.Build.0 = Debug|Any CPU
		{7C725358-096D-4DCF-B4AB-BE2F9E131032}.Release|Any CPU.ActiveCfg = Release|Any CPU
		{7C725358-096D-4DCF-B4AB-BE2F9E131032}.Release|Any CPU.Build.0 = Release|Any CPU
		{59454AB2-5FAD-4AC8-B3F6-70B132643F73}.Debug|Any CPU.ActiveCfg = Debug|Any CPU
		{59454AB2-5FAD-4AC8-B3F6-70B132643F73}.Debug|Any CPU.Build.0 = Debug|Any CPU
		{59454AB2-5FAD-4AC8-B3F6-70B132643F73}.Release|Any CPU.ActiveCfg = Release|Any CPU
		{59454AB2-5FAD-4AC8-B3F6-70B132643F73}.Release|Any CPU.Build.0 = Release|Any CPU
	EndGlobalSection
	GlobalSection(SolutionProperties) = preSolution
		HideSolutionNode = FALSE
	EndGlobalSection
	GlobalSection(ExtensibilityGlobals) = postSolution
		SolutionGuid = {D0CA21D0-7AD7-4470-B64A-38D03109319E}
	EndGlobalSection
EndGlobal
